// !$*UTF8*$!
{
	archiveVersion = 1;
	classes = {
	};
	objectVersion = 46;
	objects = {

/* Begin PBXBuildFile section */
		8D3675A51B66E03100CB1118 /* TAAUpdateConstraintsView.swift in Sources */ = {isa = PBXBuildFile; fileRef = 8D3675A41B66E03100CB1118 /* TAAUpdateConstraintsView.swift */; };
		8D3675A71B66E04100CB1118 /* TAAUpdateConstraintsViewController.swift in Sources */ = {isa = PBXBuildFile; fileRef = 8D3675A61B66E04100CB1118 /* TAAUpdateConstraintsViewController.swift */; };
		8D3A52C31B6E73F40058B366 /* TAAUsingConstantsView.swift in Sources */ = {isa = PBXBuildFile; fileRef = 8D3A52C21B6E73F40058B366 /* TAAUsingConstantsView.swift */; };
		8D3A52C51B6E740C0058B366 /* TAAUsingConstantsViewController.swift in Sources */ = {isa = PBXBuildFile; fileRef = 8D3A52C41B6E740C0058B366 /* TAAUsingConstantsViewController.swift */; };
		8D3A52C81B6E77510058B366 /* UIColor+Random.swift in Sources */ = {isa = PBXBuildFile; fileRef = 8D3A52C71B6E77510058B366 /* UIColor+Random.swift */; };
		8D3A52CB1B6E8B670058B366 /* TAACompositeEdgesView.swift in Sources */ = {isa = PBXBuildFile; fileRef = 8D3A52CA1B6E8B670058B366 /* TAACompositeEdgesView.swift */; };
		8D3A52CD1B6E8B8B0058B366 /* TAAVompositeEdgesViewController.swift in Sources */ = {isa = PBXBuildFile; fileRef = 8D3A52CC1B6E8B8B0058B366 /* TAAVompositeEdgesViewController.swift */; };
		8D3A52D01B6E90AD0058B366 /* TAAAspectFitView.swift in Sources */ = {isa = PBXBuildFile; fileRef = 8D3A52CF1B6E90AD0058B366 /* TAAAspectFitView.swift */; };
		8D3A52D21B6E90CA0058B366 /* TAAAspectFitViewController.swift in Sources */ = {isa = PBXBuildFile; fileRef = 8D3A52D11B6E90CA0058B366 /* TAAAspectFitViewController.swift */; };
		8D653A501B721BB60084192A /* TAAMarginsView.swift in Sources */ = {isa = PBXBuildFile; fileRef = 8D653A4F1B721BB60084192A /* TAAMarginsView.swift */; };
		8D653A521B721BC60084192A /* TAAMarginsViewController.swift in Sources */ = {isa = PBXBuildFile; fileRef = 8D653A511B721BC60084192A /* TAAMarginsViewController.swift */; };
		8D8379341B61678C00A476A2 /* AppDelegate.swift in Sources */ = {isa = PBXBuildFile; fileRef = 8D8379331B61678C00A476A2 /* AppDelegate.swift */; };
		8D83793B1B61678C00A476A2 /* Images.xcassets in Resources */ = {isa = PBXBuildFile; fileRef = 8D83793A1B61678C00A476A2 /* Images.xcassets */; };
		8D83793E1B61678C00A476A2 /* LaunchScreen.xib in Resources */ = {isa = PBXBuildFile; fileRef = 8D83793C1B61678C00A476A2 /* LaunchScreen.xib */; };
		8D83794A1B61678C00A476A2 /* SnapKitExamplesTests.swift in Sources */ = {isa = PBXBuildFile; fileRef = 8D8379491B61678C00A476A2 /* SnapKitExamplesTests.swift */; };
		8D8379551B61692600A476A2 /* TAAMainTableViewController.swift in Sources */ = {isa = PBXBuildFile; fileRef = 8D8379541B61692600A476A2 /* TAAMainTableViewController.swift */; };
		8D8379581B61713900A476A2 /* TAABasicViewController.swift in Sources */ = {isa = PBXBuildFile; fileRef = 8D8379571B61713900A476A2 /* TAABasicViewController.swift */; };
		8D83795A1B61755300A476A2 /* TAABasicView.swift in Sources */ = {isa = PBXBuildFile; fileRef = 8D8379591B61755300A476A2 /* TAABasicView.swift */; };
		8DFA7F0D1B6AB40700214478 /* TAARemakeConstraintsView.swift in Sources */ = {isa = PBXBuildFile; fileRef = 8DFA7F0C1B6AB40700214478 /* TAARemakeConstraintsView.swift */; };
		8DFA7F0F1B6AB42000214478 /* TAARemakeConstraintsViewController.swift in Sources */ = {isa = PBXBuildFile; fileRef = 8DFA7F0E1B6AB42000214478 /* TAARemakeConstraintsViewController.swift */; };
		ED454BB27DC62C54BB5A91E7 /* Pods_SnapKitExamples.framework in Frameworks */ = {isa = PBXBuildFile; fileRef = A51DC6C7353C210570D01FC2 /* Pods_SnapKitExamples.framework */; settings = {ATTRIBUTES = (Weak, ); }; };
/* End PBXBuildFile section */

/* Begin PBXContainerItemProxy section */
		8D8379441B61678C00A476A2 /* PBXContainerItemProxy */ = {
			isa = PBXContainerItemProxy;
			containerPortal = 8D8379261B61678C00A476A2 /* Project object */;
			proxyType = 1;
			remoteGlobalIDString = 8D83792D1B61678C00A476A2;
			remoteInfo = SnapKitExamples;
		};
/* End PBXContainerItemProxy section */

/* Begin PBXFileReference section */
		0B0A5C966663B84573F61A5B /* Pods-SnapKitExamples.release.xcconfig */ = {isa = PBXFileReference; includeInIndex = 1; lastKnownFileType = text.xcconfig; name = "Pods-SnapKitExamples.release.xcconfig"; path = "Pods/Target Support Files/Pods-SnapKitExamples/Pods-SnapKitExamples.release.xcconfig"; sourceTree = "<group>"; };
		8D3675A41B66E03100CB1118 /* TAAUpdateConstraintsView.swift */ = {isa = PBXFileReference; fileEncoding = 4; lastKnownFileType = sourcecode.swift; path = TAAUpdateConstraintsView.swift; sourceTree = "<group>"; };
		8D3675A61B66E04100CB1118 /* TAAUpdateConstraintsViewController.swift */ = {isa = PBXFileReference; fileEncoding = 4; lastKnownFileType = sourcecode.swift; path = TAAUpdateConstraintsViewController.swift; sourceTree = "<group>"; };
		8D3A52C21B6E73F40058B366 /* TAAUsingConstantsView.swift */ = {isa = PBXFileReference; fileEncoding = 4; lastKnownFileType = sourcecode.swift; path = TAAUsingConstantsView.swift; sourceTree = "<group>"; };
		8D3A52C41B6E740C0058B366 /* TAAUsingConstantsViewController.swift */ = {isa = PBXFileReference; fileEncoding = 4; lastKnownFileType = sourcecode.swift; path = TAAUsingConstantsViewController.swift; sourceTree = "<group>"; };
		8D3A52C71B6E77510058B366 /* UIColor+Random.swift */ = {isa = PBXFileReference; fileEncoding = 4; lastKnownFileType = sourcecode.swift; path = "UIColor+Random.swift"; sourceTree = "<group>"; };
		8D3A52CA1B6E8B670058B366 /* TAACompositeEdgesView.swift */ = {isa = PBXFileReference; fileEncoding = 4; lastKnownFileType = sourcecode.swift; path = TAACompositeEdgesView.swift; sourceTree = "<group>"; };
		8D3A52CC1B6E8B8B0058B366 /* TAAVompositeEdgesViewController.swift */ = {isa = PBXFileReference; fileEncoding = 4; lastKnownFileType = sourcecode.swift; path = TAAVompositeEdgesViewController.swift; sourceTree = "<group>"; };
		8D3A52CF1B6E90AD0058B366 /* TAAAspectFitView.swift */ = {isa = PBXFileReference; fileEncoding = 4; lastKnownFileType = sourcecode.swift; path = TAAAspectFitView.swift; sourceTree = "<group>"; };
		8D3A52D11B6E90CA0058B366 /* TAAAspectFitViewController.swift */ = {isa = PBXFileReference; fileEncoding = 4; lastKnownFileType = sourcecode.swift; path = TAAAspectFitViewController.swift; sourceTree = "<group>"; };
		8D653A4F1B721BB60084192A /* TAAMarginsView.swift */ = {isa = PBXFileReference; fileEncoding = 4; lastKnownFileType = sourcecode.swift; path = TAAMarginsView.swift; sourceTree = "<group>"; };
		8D653A511B721BC60084192A /* TAAMarginsViewController.swift */ = {isa = PBXFileReference; fileEncoding = 4; lastKnownFileType = sourcecode.swift; path = TAAMarginsViewController.swift; sourceTree = "<group>"; };
		8D83792E1B61678C00A476A2 /* SnapKitExamples.app */ = {isa = PBXFileReference; explicitFileType = wrapper.application; includeInIndex = 0; path = SnapKitExamples.app; sourceTree = BUILT_PRODUCTS_DIR; };
		8D8379321B61678C00A476A2 /* Info.plist */ = {isa = PBXFileReference; lastKnownFileType = text.plist.xml; path = Info.plist; sourceTree = "<group>"; };
		8D8379331B61678C00A476A2 /* AppDelegate.swift */ = {isa = PBXFileReference; lastKnownFileType = sourcecode.swift; path = AppDelegate.swift; sourceTree = "<group>"; };
		8D83793A1B61678C00A476A2 /* Images.xcassets */ = {isa = PBXFileReference; lastKnownFileType = folder.assetcatalog; path = Images.xcassets; sourceTree = "<group>"; };
		8D83793D1B61678C00A476A2 /* Base */ = {isa = PBXFileReference; lastKnownFileType = file.xib; name = Base; path = Base.lproj/LaunchScreen.xib; sourceTree = "<group>"; };
		8D8379431B61678C00A476A2 /* SnapKitExamplesTests.xctest */ = {isa = PBXFileReference; explicitFileType = wrapper.cfbundle; includeInIndex = 0; path = SnapKitExamplesTests.xctest; sourceTree = BUILT_PRODUCTS_DIR; };
		8D8379481B61678C00A476A2 /* Info.plist */ = {isa = PBXFileReference; lastKnownFileType = text.plist.xml; path = Info.plist; sourceTree = "<group>"; };
		8D8379491B61678C00A476A2 /* SnapKitExamplesTests.swift */ = {isa = PBXFileReference; lastKnownFileType = sourcecode.swift; path = SnapKitExamplesTests.swift; sourceTree = "<group>"; };
		8D8379541B61692600A476A2 /* TAAMainTableViewController.swift */ = {isa = PBXFileReference; fileEncoding = 4; lastKnownFileType = sourcecode.swift; name = TAAMainTableViewController.swift; path = MainTableViewcontroller/TAAMainTableViewController.swift; sourceTree = "<group>"; };
		8D8379571B61713900A476A2 /* TAABasicViewController.swift */ = {isa = PBXFileReference; fileEncoding = 4; lastKnownFileType = sourcecode.swift; name = TAABasicViewController.swift; path = Basic/TAABasicViewController.swift; sourceTree = "<group>"; };
		8D8379591B61755300A476A2 /* TAABasicView.swift */ = {isa = PBXFileReference; fileEncoding = 4; lastKnownFileType = sourcecode.swift; name = TAABasicView.swift; path = Basic/TAABasicView.swift; sourceTree = "<group>"; };
		8DFA7F0C1B6AB40700214478 /* TAARemakeConstraintsView.swift */ = {isa = PBXFileReference; fileEncoding = 4; lastKnownFileType = sourcecode.swift; path = TAARemakeConstraintsView.swift; sourceTree = "<group>"; };
		8DFA7F0E1B6AB42000214478 /* TAARemakeConstraintsViewController.swift */ = {isa = PBXFileReference; fileEncoding = 4; lastKnownFileType = sourcecode.swift; path = TAARemakeConstraintsViewController.swift; sourceTree = "<group>"; };
		A51DC6C7353C210570D01FC2 /* Pods_SnapKitExamples.framework */ = {isa = PBXFileReference; explicitFileType = wrapper.framework; includeInIndex = 0; path = Pods_SnapKitExamples.framework; sourceTree = BUILT_PRODUCTS_DIR; };
		C340E9D49DB5FB6312538D89 /* Pods-SnapKitExamples.debug.xcconfig */ = {isa = PBXFileReference; includeInIndex = 1; lastKnownFileType = text.xcconfig; name = "Pods-SnapKitExamples.debug.xcconfig"; path = "Pods/Target Support Files/Pods-SnapKitExamples/Pods-SnapKitExamples.debug.xcconfig"; sourceTree = "<group>"; };
/* End PBXFileReference section */

/* Begin PBXFrameworksBuildPhase section */
		8D83792B1B61678C00A476A2 /* Frameworks */ = {
			isa = PBXFrameworksBuildPhase;
			buildActionMask = 2147483647;
			files = (
				ED454BB27DC62C54BB5A91E7 /* Pods_SnapKitExamples.framework in Frameworks */,
			);
			runOnlyForDeploymentPostprocessing = 0;
		};
		8D8379401B61678C00A476A2 /* Frameworks */ = {
			isa = PBXFrameworksBuildPhase;
			buildActionMask = 2147483647;
			files = (
			);
			runOnlyForDeploymentPostprocessing = 0;
		};
/* End PBXFrameworksBuildPhase section */

/* Begin PBXGroup section */
		19F0B24D871914B1AEF08AD1 /* Pods */ = {
			isa = PBXGroup;
			children = (
				C340E9D49DB5FB6312538D89 /* Pods-SnapKitExamples.debug.xcconfig */,
				0B0A5C966663B84573F61A5B /* Pods-SnapKitExamples.release.xcconfig */,
			);
			name = Pods;
			sourceTree = "<group>";
		};
		8D3675A31B66E01800CB1118 /* Update Constraints */ = {
			isa = PBXGroup;
			children = (
				8D3675A41B66E03100CB1118 /* TAAUpdateConstraintsView.swift */,
				8D3675A61B66E04100CB1118 /* TAAUpdateConstraintsViewController.swift */,
			);
			path = "Update Constraints";
			sourceTree = "<group>";
		};
		8D3A52C11B6E73DC0058B366 /* Using Constants */ = {
			isa = PBXGroup;
			children = (
				8D3A52C21B6E73F40058B366 /* TAAUsingConstantsView.swift */,
				8D3A52C41B6E740C0058B366 /* TAAUsingConstantsViewController.swift */,
			);
			path = "Using Constants";
			sourceTree = "<group>";
		};
		8D3A52C61B6E77510058B366 /* Extensions */ = {
			isa = PBXGroup;
			children = (
				8D3A52C71B6E77510058B366 /* UIColor+Random.swift */,
			);
			path = Extensions;
			sourceTree = "<group>";
		};
		8D3A52C91B6E8B560058B366 /* Composite Edges */ = {
			isa = PBXGroup;
			children = (
				8D3A52CA1B6E8B670058B366 /* TAACompositeEdgesView.swift */,
				8D3A52CC1B6E8B8B0058B366 /* TAAVompositeEdgesViewController.swift */,
			);
			path = "Composite Edges";
			sourceTree = "<group>";
		};
		8D3A52CE1B6E909B0058B366 /* Aspect Fit */ = {
			isa = PBXGroup;
			children = (
				8D3A52CF1B6E90AD0058B366 /* TAAAspectFitView.swift */,
				8D3A52D11B6E90CA0058B366 /* TAAAspectFitViewController.swift */,
			);
			path = "Aspect Fit";
			sourceTree = "<group>";
		};
		8D653A4E1B721B9E0084192A /* Margins */ = {
			isa = PBXGroup;
			children = (
				8D653A4F1B721BB60084192A /* TAAMarginsView.swift */,
				8D653A511B721BC60084192A /* TAAMarginsViewController.swift */,
			);
			path = Margins;
			sourceTree = "<group>";
		};
		8D8379251B61678C00A476A2 = {
			isa = PBXGroup;
			children = (
				8D8379301B61678C00A476A2 /* SnapKitExamples */,
				8D8379461B61678C00A476A2 /* SnapKitExamplesTests */,
				8D83792F1B61678C00A476A2 /* Products */,
				19F0B24D871914B1AEF08AD1 /* Pods */,
				B168FD678735D99CF4462D52 /* Frameworks */,
			);
			sourceTree = "<group>";
		};
		8D83792F1B61678C00A476A2 /* Products */ = {
			isa = PBXGroup;
			children = (
				8D83792E1B61678C00A476A2 /* SnapKitExamples.app */,
				8D8379431B61678C00A476A2 /* SnapKitExamplesTests.xctest */,
			);
			name = Products;
			sourceTree = "<group>";
		};
		8D8379301B61678C00A476A2 /* SnapKitExamples */ = {
			isa = PBXGroup;
			children = (
				8D3A52C61B6E77510058B366 /* Extensions */,
				8D8379561B61711000A476A2 /* Basic */,
				8D3675A31B66E01800CB1118 /* Update Constraints */,
				8DFA7F0B1B6AB3E400214478 /* Remake Constraints */,
				8D3A52C11B6E73DC0058B366 /* Using Constants */,
				8D3A52C91B6E8B560058B366 /* Composite Edges */,
				8D3A52CE1B6E909B0058B366 /* Aspect Fit */,
				8D653A4E1B721B9E0084192A /* Margins */,
				8D8379531B6168D400A476A2 /* MainTableViewController */,
				8D8379311B61678C00A476A2 /* Supporting Files */,
			);
			path = SnapKitExamples;
			sourceTree = "<group>";
		};
		8D8379311B61678C00A476A2 /* Supporting Files */ = {
			isa = PBXGroup;
			children = (
				8D8379331B61678C00A476A2 /* AppDelegate.swift */,
				8D83793A1B61678C00A476A2 /* Images.xcassets */,
				8D83793C1B61678C00A476A2 /* LaunchScreen.xib */,
				8D8379321B61678C00A476A2 /* Info.plist */,
			);
			name = "Supporting Files";
			sourceTree = "<group>";
		};
		8D8379461B61678C00A476A2 /* SnapKitExamplesTests */ = {
			isa = PBXGroup;
			children = (
				8D8379491B61678C00A476A2 /* SnapKitExamplesTests.swift */,
				8D8379471B61678C00A476A2 /* Supporting Files */,
			);
			path = SnapKitExamplesTests;
			sourceTree = "<group>";
		};
		8D8379471B61678C00A476A2 /* Supporting Files */ = {
			isa = PBXGroup;
			children = (
				8D8379481B61678C00A476A2 /* Info.plist */,
			);
			name = "Supporting Files";
			sourceTree = "<group>";
		};
		8D8379531B6168D400A476A2 /* MainTableViewController */ = {
			isa = PBXGroup;
			children = (
				8D8379541B61692600A476A2 /* TAAMainTableViewController.swift */,
			);
			name = MainTableViewController;
			sourceTree = "<group>";
		};
		8D8379561B61711000A476A2 /* Basic */ = {
			isa = PBXGroup;
			children = (
				8D8379591B61755300A476A2 /* TAABasicView.swift */,
				8D8379571B61713900A476A2 /* TAABasicViewController.swift */,
			);
			name = Basic;
			sourceTree = "<group>";
		};
		8DFA7F0B1B6AB3E400214478 /* Remake Constraints */ = {
			isa = PBXGroup;
			children = (
				8DFA7F0C1B6AB40700214478 /* TAARemakeConstraintsView.swift */,
				8DFA7F0E1B6AB42000214478 /* TAARemakeConstraintsViewController.swift */,
			);
			path = "Remake Constraints";
			sourceTree = "<group>";
		};
		B168FD678735D99CF4462D52 /* Frameworks */ = {
			isa = PBXGroup;
			children = (
				A51DC6C7353C210570D01FC2 /* Pods_SnapKitExamples.framework */,
			);
			name = Frameworks;
			sourceTree = "<group>";
		};
/* End PBXGroup section */

/* Begin PBXNativeTarget section */
		8D83792D1B61678C00A476A2 /* SnapKitExamples */ = {
			isa = PBXNativeTarget;
			buildConfigurationList = 8D83794D1B61678C00A476A2 /* Build configuration list for PBXNativeTarget "SnapKitExamples" */;
			buildPhases = (
				DC78FEDFDD0D22F13B890FD6 /* Check Pods Manifest.lock */,
				8D83792A1B61678C00A476A2 /* Sources */,
				8D83792B1B61678C00A476A2 /* Frameworks */,
				8D83792C1B61678C00A476A2 /* Resources */,
				2B00B9C72161EE343089B7FA /* Embed Pods Frameworks */,
				5184DEBB0136A3DF710113A4 /* Copy Pods Resources */,
			);
			buildRules = (
			);
			dependencies = (
			);
			name = SnapKitExamples;
			productName = SnapKitExamples;
			productReference = 8D83792E1B61678C00A476A2 /* SnapKitExamples.app */;
			productType = "com.apple.product-type.application";
		};
		8D8379421B61678C00A476A2 /* SnapKitExamplesTests */ = {
			isa = PBXNativeTarget;
			buildConfigurationList = 8D8379501B61678C00A476A2 /* Build configuration list for PBXNativeTarget "SnapKitExamplesTests" */;
			buildPhases = (
				8D83793F1B61678C00A476A2 /* Sources */,
				8D8379401B61678C00A476A2 /* Frameworks */,
				8D8379411B61678C00A476A2 /* Resources */,
			);
			buildRules = (
			);
			dependencies = (
				8D8379451B61678C00A476A2 /* PBXTargetDependency */,
			);
			name = SnapKitExamplesTests;
			productName = SnapKitExamplesTests;
			productReference = 8D8379431B61678C00A476A2 /* SnapKitExamplesTests.xctest */;
			productType = "com.apple.product-type.bundle.unit-test";
		};
/* End PBXNativeTarget section */

/* Begin PBXProject section */
		8D8379261B61678C00A476A2 /* Project object */ = {
			isa = PBXProject;
			attributes = {
				LastUpgradeCheck = 0640;
				ORGANIZATIONNAME = "Ivana Rast";
				TargetAttributes = {
					8D83792D1B61678C00A476A2 = {
						CreatedOnToolsVersion = 6.4;
					};
					8D8379421B61678C00A476A2 = {
						CreatedOnToolsVersion = 6.4;
						TestTargetID = 8D83792D1B61678C00A476A2;
					};
				};
			};
			buildConfigurationList = 8D8379291B61678C00A476A2 /* Build configuration list for PBXProject "SnapKitExamples" */;
			compatibilityVersion = "Xcode 3.2";
			developmentRegion = English;
			hasScannedForEncodings = 0;
			knownRegions = (
				en,
				Base,
			);
			mainGroup = 8D8379251B61678C00A476A2;
			productRefGroup = 8D83792F1B61678C00A476A2 /* Products */;
			projectDirPath = "";
			projectRoot = "";
			targets = (
				8D83792D1B61678C00A476A2 /* SnapKitExamples */,
				8D8379421B61678C00A476A2 /* SnapKitExamplesTests */,
			);
		};
/* End PBXProject section */

/* Begin PBXResourcesBuildPhase section */
		8D83792C1B61678C00A476A2 /* Resources */ = {
			isa = PBXResourcesBuildPhase;
			buildActionMask = 2147483647;
			files = (
				8D83793E1B61678C00A476A2 /* LaunchScreen.xib in Resources */,
				8D83793B1B61678C00A476A2 /* Images.xcassets in Resources */,
			);
			runOnlyForDeploymentPostprocessing = 0;
		};
		8D8379411B61678C00A476A2 /* Resources */ = {
			isa = PBXResourcesBuildPhase;
			buildActionMask = 2147483647;
			files = (
			);
			runOnlyForDeploymentPostprocessing = 0;
		};
/* End PBXResourcesBuildPhase section */

/* Begin PBXShellScriptBuildPhase section */
		2B00B9C72161EE343089B7FA /* Embed Pods Frameworks */ = {
			isa = PBXShellScriptBuildPhase;
			buildActionMask = 2147483647;
			files = (
			);
			inputPaths = (
			);
			name = "Embed Pods Frameworks";
			outputPaths = (
			);
			runOnlyForDeploymentPostprocessing = 0;
			shellPath = /bin/sh;
			shellScript = "\"${SRCROOT}/Pods/Target Support Files/Pods-SnapKitExamples/Pods-SnapKitExamples-frameworks.sh\"\n";
			showEnvVarsInLog = 0;
		};
		5184DEBB0136A3DF710113A4 /* Copy Pods Resources */ = {
			isa = PBXShellScriptBuildPhase;
			buildActionMask = 2147483647;
			files = (
			);
			inputPaths = (
			);
			name = "Copy Pods Resources";
			outputPaths = (
			);
			runOnlyForDeploymentPostprocessing = 0;
			shellPath = /bin/sh;
			shellScript = "\"${SRCROOT}/Pods/Target Support Files/Pods-SnapKitExamples/Pods-SnapKitExamples-resources.sh\"\n";
			showEnvVarsInLog = 0;
		};
		DC78FEDFDD0D22F13B890FD6 /* Check Pods Manifest.lock */ = {
			isa = PBXShellScriptBuildPhase;
			buildActionMask = 2147483647;
			files = (
			);
			inputPaths = (
			);
			name = "Check Pods Manifest.lock";
			outputPaths = (
			);
			runOnlyForDeploymentPostprocessing = 0;
			shellPath = /bin/sh;
			shellScript = "diff \"${PODS_ROOT}/../Podfile.lock\" \"${PODS_ROOT}/Manifest.lock\" > /dev/null\nif [[ $? != 0 ]] ; then\n    cat << EOM\nerror: The sandbox is not in sync with the Podfile.lock. Run 'pod install' or update your CocoaPods installation.\nEOM\n    exit 1\nfi\n";
			showEnvVarsInLog = 0;
		};
/* End PBXShellScriptBuildPhase section */

/* Begin PBXSourcesBuildPhase section */
		8D83792A1B61678C00A476A2 /* Sources */ = {
			isa = PBXSourcesBuildPhase;
			buildActionMask = 2147483647;
			files = (
				8D83795A1B61755300A476A2 /* TAABasicView.swift in Sources */,
				8D8379581B61713900A476A2 /* TAABasicViewController.swift in Sources */,
				8D3A52CB1B6E8B670058B366 /* TAACompositeEdgesView.swift in Sources */,
				8D3675A51B66E03100CB1118 /* TAAUpdateConstraintsView.swift in Sources */,
				8D8379551B61692600A476A2 /* TAAMainTableViewController.swift in Sources */,
				8D8379341B61678C00A476A2 /* AppDelegate.swift in Sources */,
				8DFA7F0F1B6AB42000214478 /* TAARemakeConstraintsViewController.swift in Sources */,
				8D3A52D01B6E90AD0058B366 /* TAAAspectFitView.swift in Sources */,
				8DFA7F0D1B6AB40700214478 /* TAARemakeConstraintsView.swift in Sources */,
				8D3A52C31B6E73F40058B366 /* TAAUsingConstantsView.swift in Sources */,
				8D653A521B721BC60084192A /* TAAMarginsViewController.swift in Sources */,
				8D3A52CD1B6E8B8B0058B366 /* TAAVompositeEdgesViewController.swift in Sources */,
				8D3A52C81B6E77510058B366 /* UIColor+Random.swift in Sources */,
				8D3A52C51B6E740C0058B366 /* TAAUsingConstantsViewController.swift in Sources */,
				8D653A501B721BB60084192A /* TAAMarginsView.swift in Sources */,
				8D3A52D21B6E90CA0058B366 /* TAAAspectFitViewController.swift in Sources */,
				8D3675A71B66E04100CB1118 /* TAAUpdateConstraintsViewController.swift in Sources */,
			);
			runOnlyForDeploymentPostprocessing = 0;
		};
		8D83793F1B61678C00A476A2 /* Sources */ = {
			isa = PBXSourcesBuildPhase;
			buildActionMask = 2147483647;
			files = (
				8D83794A1B61678C00A476A2 /* SnapKitExamplesTests.swift in Sources */,
			);
			runOnlyForDeploymentPostprocessing = 0;
		};
/* End PBXSourcesBuildPhase section */

/* Begin PBXTargetDependency section */
		8D8379451B61678C00A476A2 /* PBXTargetDependency */ = {
			isa = PBXTargetDependency;
			target = 8D83792D1B61678C00A476A2 /* SnapKitExamples */;
			targetProxy = 8D8379441B61678C00A476A2 /* PBXContainerItemProxy */;
		};
/* End PBXTargetDependency section */

/* Begin PBXVariantGroup section */
		8D83793C1B61678C00A476A2 /* LaunchScreen.xib */ = {
			isa = PBXVariantGroup;
			children = (
				8D83793D1B61678C00A476A2 /* Base */,
			);
			name = LaunchScreen.xib;
			sourceTree = "<group>";
		};
/* End PBXVariantGroup section */

/* Begin XCBuildConfiguration section */
		8D83794B1B61678C00A476A2 /* Debug */ = {
			isa = XCBuildConfiguration;
			buildSettings = {
				ALWAYS_SEARCH_USER_PATHS = NO;
				CLANG_CXX_LANGUAGE_STANDARD = "gnu++0x";
				CLANG_CXX_LIBRARY = "libc++";
				CLANG_ENABLE_MODULES = YES;
				CLANG_ENABLE_OBJC_ARC = YES;
				CLANG_WARN_BOOL_CONVERSION = YES;
				CLANG_WARN_CONSTANT_CONVERSION = YES;
				CLANG_WARN_DIRECT_OBJC_ISA_USAGE = YES_ERROR;
				CLANG_WARN_EMPTY_BODY = YES;
				CLANG_WARN_ENUM_CONVERSION = YES;
				CLANG_WARN_INT_CONVERSION = YES;
				CLANG_WARN_OBJC_ROOT_CLASS = YES_ERROR;
				CLANG_WARN_UNREACHABLE_CODE = YES;
				CLANG_WARN__DUPLICATE_METHOD_MATCH = YES;
				"CODE_SIGN_IDENTITY[sdk=iphoneos*]" = "iPhone Developer";
				COPY_PHASE_STRIP = NO;
				DEBUG_INFORMATION_FORMAT = "dwarf-with-dsym";
				ENABLE_STRICT_OBJC_MSGSEND = YES;
				GCC_C_LANGUAGE_STANDARD = gnu99;
				GCC_DYNAMIC_NO_PIC = NO;
				GCC_NO_COMMON_BLOCKS = YES;
				GCC_OPTIMIZATION_LEVEL = 0;
				GCC_PREPROCESSOR_DEFINITIONS = (
					"DEBUG=1",
					"$(inherited)",
				);
				GCC_SYMBOLS_PRIVATE_EXTERN = NO;
				GCC_WARN_64_TO_32_BIT_CONVERSION = YES;
				GCC_WARN_ABOUT_RETURN_TYPE = YES_ERROR;
				GCC_WARN_UNDECLARED_SELECTOR = YES;
				GCC_WARN_UNINITIALIZED_AUTOS = YES_AGGRESSIVE;
				GCC_WARN_UNUSED_FUNCTION = YES;
				GCC_WARN_UNUSED_VARIABLE = YES;
				IPHONEOS_DEPLOYMENT_TARGET = 8.4;
				MTL_ENABLE_DEBUG_INFO = YES;
				ONLY_ACTIVE_ARCH = YES;
				SDKROOT = iphoneos;
				SWIFT_OPTIMIZATION_LEVEL = "-Onone";
			};
			name = Debug;
		};
		8D83794C1B61678C00A476A2 /* Release */ = {
			isa = XCBuildConfiguration;
			buildSettings = {
				ALWAYS_SEARCH_USER_PATHS = NO;
				CLANG_CXX_LANGUAGE_STANDARD = "gnu++0x";
				CLANG_CXX_LIBRARY = "libc++";
				CLANG_ENABLE_MODULES = YES;
				CLANG_ENABLE_OBJC_ARC = YES;
				CLANG_WARN_BOOL_CONVERSION = YES;
				CLANG_WARN_CONSTANT_CONVERSION = YES;
				CLANG_WARN_DIRECT_OBJC_ISA_USAGE = YES_ERROR;
				CLANG_WARN_EMPTY_BODY = YES;
				CLANG_WARN_ENUM_CONVERSION = YES;
				CLANG_WARN_INT_CONVERSION = YES;
				CLANG_WARN_OBJC_ROOT_CLASS = YES_ERROR;
				CLANG_WARN_UNREACHABLE_CODE = YES;
				CLANG_WARN__DUPLICATE_METHOD_MATCH = YES;
				"CODE_SIGN_IDENTITY[sdk=iphoneos*]" = "iPhone Developer";
				COPY_PHASE_STRIP = NO;
				DEBUG_INFORMATION_FORMAT = "dwarf-with-dsym";
				ENABLE_NS_ASSERTIONS = NO;
				ENABLE_STRICT_OBJC_MSGSEND = YES;
				GCC_C_LANGUAGE_STANDARD = gnu99;
				GCC_NO_COMMON_BLOCKS = YES;
				GCC_WARN_64_TO_32_BIT_CONVERSION = YES;
				GCC_WARN_ABOUT_RETURN_TYPE = YES_ERROR;
				GCC_WARN_UNDECLARED_SELECTOR = YES;
				GCC_WARN_UNINITIALIZED_AUTOS = YES_AGGRESSIVE;
				GCC_WARN_UNUSED_FUNCTION = YES;
				GCC_WARN_UNUSED_VARIABLE = YES;
				IPHONEOS_DEPLOYMENT_TARGET = 8.4;
				MTL_ENABLE_DEBUG_INFO = NO;
				SDKROOT = iphoneos;
				VALIDATE_PRODUCT = YES;
			};
			name = Release;
		};
		8D83794E1B61678C00A476A2 /* Debug */ = {
			isa = XCBuildConfiguration;
			baseConfigurationReference = C340E9D49DB5FB6312538D89 /* Pods-SnapKitExamples.debug.xcconfig */;
			buildSettings = {
				ASSETCATALOG_COMPILER_APPICON_NAME = AppIcon;
				INFOPLIST_FILE = SnapKitExamples/Info.plist;
				LD_RUNPATH_SEARCH_PATHS = "$(inherited) @executable_path/Frameworks";
				PRODUCT_NAME = "$(TARGET_NAME)";
			};
			name = Debug;
		};
		8D83794F1B61678C00A476A2 /* Release */ = {
			isa = XCBuildConfiguration;
			baseConfigurationReference = 0B0A5C966663B84573F61A5B /* Pods-SnapKitExamples.release.xcconfig */;
			buildSettings = {
				ASSETCATALOG_COMPILER_APPICON_NAME = AppIcon;
				INFOPLIST_FILE = SnapKitExamples/Info.plist;
				LD_RUNPATH_SEARCH_PATHS = "$(inherited) @executable_path/Frameworks";
				PRODUCT_NAME = "$(TARGET_NAME)";
			};
			name = Release;
		};
		8D8379511B61678C00A476A2 /* Debug */ = {
			isa = XCBuildConfiguration;
			buildSettings = {
				BUNDLE_LOADER = "$(TEST_HOST)";
				FRAMEWORK_SEARCH_PATHS = (
					"$(SDKROOT)/Developer/Library/Frameworks",
					"$(inherited)",
				);
				GCC_PREPROCESSOR_DEFINITIONS = (
					"DEBUG=1",
					"$(inherited)",
				);
				INFOPLIST_FILE = SnapKitExamplesTests/Info.plist;
				LD_RUNPATH_SEARCH_PATHS = "$(inherited) @executable_path/Frameworks @loader_path/Frameworks";
				PRODUCT_NAME = "$(TARGET_NAME)";
				TEST_HOST = "$(BUILT_PRODUCTS_DIR)/SnapKitExamples.app/SnapKitExamples";
			};
			name = Debug;
		};
		8D8379521B61678C00A476A2 /* Release */ = {
			isa = XCBuildConfiguration;
			buildSettings = {
				BUNDLE_LOADER = "$(TEST_HOST)";
				FRAMEWORK_SEARCH_PATHS = (
					"$(SDKROOT)/Developer/Library/Frameworks",
					"$(inherited)",
				);
				INFOPLIST_FILE = SnapKitExamplesTests/Info.plist;
				LD_RUNPATH_SEARCH_PATHS = "$(inherited) @executable_path/Frameworks @loader_path/Frameworks";
				PRODUCT_NAME = "$(TARGET_NAME)";
				TEST_HOST = "$(BUILT_PRODUCTS_DIR)/SnapKitExamples.app/SnapKitExamples";
			};
			name = Release;
		};
/* End XCBuildConfiguration section */

/* Begin XCConfigurationList section */
		8D8379291B61678C00A476A2 /* Build configuration list for PBXProject "SnapKitExamples" */ = {
			isa = XCConfigurationList;
			buildConfigurations = (
				8D83794B1B61678C00A476A2 /* Debug */,
				8D83794C1B61678C00A476A2 /* Release */,
			);
			defaultConfigurationIsVisible = 0;
			defaultConfigurationName = Release;
		};
		8D83794D1B61678C00A476A2 /* Build configuration list for PBXNativeTarget "SnapKitExamples" */ = {
			isa = XCConfigurationList;
			buildConfigurations = (
				8D83794E1B61678C00A476A2 /* Debug */,
				8D83794F1B61678C00A476A2 /* Release */,
			);
			defaultConfigurationIsVisible = 0;
			defaultConfigurationName = Release;
		};
		8D8379501B61678C00A476A2 /* Build configuration list for PBXNativeTarget "SnapKitExamplesTests" */ = {
			isa = XCConfigurationList;
			buildConfigurations = (
				8D8379511B61678C00A476A2 /* Debug */,
				8D8379521B61678C00A476A2 /* Release */,
			);
			defaultConfigurationIsVisible = 0;
			defaultConfigurationName = Release;
		};
/* End XCConfigurationList section */
	};
	rootObject = 8D8379261B61678C00A476A2 /* Project object */;
}
